
Microsoft Visual Studio Solution File, Format Version 12.00
# Visual Studio Version 16
VisualStudioVersion = 16.0.35325.158
MinimumVisualStudioVersion = 10.0.40219.1
Project("{FAE04EC0-301F-11D3-BF4B-00C04F79EFBC}") = "PlantOasis", "PlantOasis\PlantOasis.csproj", "{BF701B7B-ACE4-4D30-9A66-6E4C2000828D}"
EndProject
Project("{FAE04EC0-301F-11D3-BF4B-00C04F79EFBC}") = "PlantOasis.lib", "PlantOasis.lib\PlantOasis.lib.csproj", "{84A13DE0-9E1C-49DD-AFB4-B11D55BC86BD}"
EndProject
Global
	GlobalSection(SolutionConfigurationPlatforms) = preSolution
		Debug|Any CPU = Debug|Any CPU
		Release|Any CPU = Release|Any CPU
	EndGlobalSection
	GlobalSection(ProjectConfigurationPlatforms) = postSolution
		{BF701B7B-ACE4-4D30-9A66-6E4C2000828D}.Debug|Any CPU.ActiveCfg = Release|Any CPU
		{BF701B7B-ACE4-4D30-9A66-6E4C2000828D}.Debug|Any CPU.Build.0 = Release|Any CPU
		{BF701B7B-ACE4-4D30-9A66-6E4C2000828D}.Release|Any CPU.ActiveCfg = Release|Any CPU
		{BF701B7B-ACE4-4D30-9A66-6E4C2000828D}.Release|Any CPU.Build.0 = Release|Any CPU
		{84A13DE0-9E1C-49DD-AFB4-B11D55BC86BD}.Debug|Any CPU.ActiveCfg = Release|Any CPU
		{84A13DE0-9E1C-49DD-AFB4-B11D55BC86BD}.Debug|Any CPU.Build.0 = Release|Any CPU
		{84A13DE0-9E1C-49DD-AFB4-B11D55BC86BD}.Release|Any CPU.ActiveCfg = Release|Any CPU
		{84A13DE0-9E1C-49DD-AFB4-B11D55BC86BD}.Release|Any CPU.Build.0 = Release|Any CPU
	EndGlobalSection
	GlobalSection(SolutionProperties) = preSolution
		HideSolutionNode = FALSE
	EndGlobalSection
	GlobalSection(ExtensibilityGlobals) = postSolution
		SolutionGuid = {635FAA89-96FA-406C-8C8A-38299E94E913}
	EndGlobalSection
EndGlobal
